# THIS IS AN AUTOGENERATED FILE. DO NOT EDIT THIS FILE DIRECTLY.
# yarn lockfile v1


"@kamilkisiela/graphql-tools@4.0.6":
  version "4.0.6"
  resolved "https://registry.npm.taobao.org/@kamilkisiela/graphql-tools/download/@kamilkisiela/graphql-tools-4.0.6.tgz#6dcf4d18bedaf34f6ab1d5bad2414e530d0875d1"
  integrity sha1-bc9NGL7a809qsdW60kFOUw0IddE=
  dependencies:
    apollo-link "^1.2.3"
    apollo-utilities "^1.0.1"
    deprecated-decorator "^0.1.6"
    iterall "^1.1.3"
    uuid "^3.1.0"

"@samverschueren/stream-to-observable@^0.3.0":
  version "0.3.0"
  resolved "https://registry.npm.taobao.org/@samverschueren/stream-to-observable/download/@samverschueren/stream-to-observable-0.3.0.tgz#ecdf48d532c58ea477acfcab80348424f8d0662f"
  integrity sha1-7N9I1TLFjqR3rPyrgDSEJPjQZi8=
  dependencies:
    any-observable "^0.3.0"

"@types/axios@^0.14.0":
  version "0.14.0"
  resolved "https://registry.npm.taobao.org/@types/axios/download/@types/axios-0.14.0.tgz#ec2300fbe7d7dddd7eb9d3abf87999964cafce46"
  integrity sha1-7CMA++fX3d1+udOr+HmZlkyvzkY=
  dependencies:
    axios "*"

"@types/events@*":
  version "3.0.0"
  resolved "https://registry.npm.taobao.org/@types/events/download/@types/events-3.0.0.tgz?cache=0&sync_timestamp=1580841806837&other_urls=https%3A%2F%2Fregistry.npm.taobao.org%2F%40types%2Fevents%2Fdownload%2F%40types%2Fevents-3.0.0.tgz#2862f3f58a9a7f7c3e78d79f130dd4d71c25c2a7"
  integrity sha1-KGLz9Yqaf3w+eNefEw3U1xwlwqc=

"@types/glob@7.1.1":
  version "7.1.1"
  resolved "https://registry.npm.taobao.org/@types/glob/download/@types/glob-7.1.1.tgz#aa59a1c6e3fbc421e07ccd31a944c30eba521575"
  integrity sha1-qlmhxuP7xCHgfM0xqUTDDrpSFXU=
  dependencies:
    "@types/events" "*"
    "@types/minimatch" "*"
    "@types/node" "*"

"@types/graphql@^14.0.7":
  version "14.5.0"
  resolved "https://registry.npm.taobao.org/@types/graphql/download/@types/graphql-14.5.0.tgz#a545fb3bc8013a3547cf2f07f5e13a33642b75d6"
  integrity sha1-pUX7O8gBOjVHzy8H9eE6M2QrddY=
  dependencies:
    graphql "*"

"@types/isomorphic-fetch@^0.0.35":
  version "0.0.35"
  resolved "https://registry.npm.taobao.org/@types/isomorphic-fetch/download/@types/isomorphic-fetch-0.0.35.tgz?cache=0&sync_timestamp=1580842874608&other_urls=https%3A%2F%2Fregistry.npm.taobao.org%2F%40types%2Fisomorphic-fetch%2Fdownload%2F%40types%2Fisomorphic-fetch-0.0.35.tgz#c1c0d402daac324582b6186b91f8905340ea3361"
  integrity sha1-wcDUAtqsMkWCthhrkfiQU0DqM2E=

"@types/lodash@^4.14.122":
  version "4.14.149"
  resolved "https://registry.npm.taobao.org/@types/lodash/download/@types/lodash-4.14.149.tgz#1342d63d948c6062838fbf961012f74d4e638440"
  integrity sha1-E0LWPZSMYGKDj7+WEBL3TU5jhEA=

"@types/minimatch@*":
  version "3.0.3"
  resolved "https://registry.npm.taobao.org/@types/minimatch/download/@types/minimatch-3.0.3.tgz?cache=0&other_urls=https%3A%2F%2Fregistry.npm.taobao.org%2F%40types%2Fminimatch%2Fdownload%2F%40types%2Fminimatch-3.0.3.tgz#3dca0e3f33b200fc7d1139c0cd96c1268cadfd9d"
  integrity sha1-PcoOPzOyAPx9ETnAzZbBJoyt/Z0=

"@types/node@*":
  version "13.9.1"
  resolved "https://registry.npm.taobao.org/@types/node/download/@types/node-13.9.1.tgz?cache=0&other_urls=https%3A%2F%2Fregistry.npm.taobao.org%2F%40types%2Fnode%2Fdownload%2F%40types%2Fnode-13.9.1.tgz#96f606f8cd67fb018847d9b61e93997dabdefc72"
  integrity sha1-lvYG+M1n+wGIR9m2HpOZfave/HI=

"@types/prettier@^1.16.1":
  version "1.19.0"
  resolved "https://registry.npm.taobao.org/@types/prettier/download/@types/prettier-1.19.0.tgz?cache=0&sync_timestamp=1580843404142&other_urls=https%3A%2F%2Fregistry.npm.taobao.org%2F%40types%2Fprettier%2Fdownload%2F%40types%2Fprettier-1.19.0.tgz#a2502fb7ce9b6626fdbfc2e2a496f472de1bdd05"
  integrity sha1-olAvt86bZib9v8LipJb0ct4b3QU=

"@types/qs@^6.5.1":
  version "6.9.1"
  resolved "https://registry.npm.taobao.org/@types/qs/download/@types/qs-6.9.1.tgz#937fab3194766256ee09fcd40b781740758617e7"
  integrity sha1-k3+rMZR2YlbuCfzUC3gXQHWGF+c=

"@types/typescript@^2.0.0":
  version "2.0.0"
  resolved "https://registry.npm.taobao.org/@types/typescript/download/@types/typescript-2.0.0.tgz#c433539c98bae28682b307eaa7a0fd2115b83c28"
  integrity sha1-xDNTnJi64oaCswfqp6D9IRW4PCg=
  dependencies:
    typescript "*"

"@types/ws@^6.0.1":
  version "6.0.4"
  resolved "https://registry.npm.taobao.org/@types/ws/download/@types/ws-6.0.4.tgz#7797707c8acce8f76d8c34b370d4645b70421ff1"
  integrity sha1-d5dwfIrM6PdtjDSzcNRkW3BCH/E=
  dependencies:
    "@types/node" "*"

"@wry/equality@^0.1.2":
  version "0.1.9"
  resolved "https://registry.npm.taobao.org/@wry/equality/download/@wry/equality-0.1.9.tgz#b13e18b7a8053c6858aa6c85b54911fb31e3a909"
  integrity sha1-sT4Yt6gFPGhYqmyFtUkR+zHjqQk=
  dependencies:
    tslib "^1.9.3"

aggregate-error@3.0.0:
  version "3.0.0"
  resolved "https://registry.npm.taobao.org/aggregate-error/download/aggregate-error-3.0.0.tgz?cache=0&sync_timestamp=1570167911603&other_urls=https%3A%2F%2Fregistry.npm.taobao.org%2Faggregate-error%2Fdownload%2Faggregate-error-3.0.0.tgz#5b5a3c95e9095f311c9ab16c19fb4f3527cd3f79"
  integrity sha1-W1o8lekJXzEcmrFsGftPNSfNP3k=
  dependencies:
    clean-stack "^2.0.0"
    indent-string "^3.2.0"

ansi-escapes@^3.0.0:
  version "3.2.0"
  resolved "https://registry.npm.taobao.org/ansi-escapes/download/ansi-escapes-3.2.0.tgz?cache=0&other_urls=https%3A%2F%2Fregistry.npm.taobao.org%2Fansi-escapes%2Fdownload%2Fansi-escapes-3.2.0.tgz#8780b98ff9dbf5638152d1f1fe5c1d7b4442976b"
  integrity sha1-h4C5j/nb9WOBUtHx/lwde0RCl2s=

ansi-regex@^2.0.0:
  version "2.1.1"
  resolved "https://registry.npm.taobao.org/ansi-regex/download/ansi-regex-2.1.1.tgz#c3b33ab5ee360d86e0e628f0468ae7ef27d654df"
  integrity sha1-w7M6te42DYbg5ijwRorn7yfWVN8=

ansi-regex@^3.0.0:
  version "3.0.0"
  resolved "https://registry.npm.taobao.org/ansi-regex/download/ansi-regex-3.0.0.tgz#ed0317c322064f79466c02966bddb605ab37d998"
  integrity sha1-7QMXwyIGT3lGbAKWa922Bas32Zg=

ansi-styles@^2.2.1:
  version "2.2.1"
  resolved "https://registry.npm.taobao.org/ansi-styles/download/ansi-styles-2.2.1.tgz#b432dd3358b634cf75e1e4664368240533c1ddbe"
  integrity sha1-tDLdM1i2NM914eRmQ2gkBTPB3b4=

ansi-styles@^3.2.1:
  version "3.2.1"
  resolved "https://registry.npm.taobao.org/ansi-styles/download/ansi-styles-3.2.1.tgz#41fbb20243e50b12be0f04b8dedbf07520ce841d"
  integrity sha1-QfuyAkPlCxK+DwS43tvwdSDOhB0=
  dependencies:
    color-convert "^1.9.0"

any-observable@^0.3.0:
  version "0.3.0"
  resolved "https://registry.npm.taobao.org/any-observable/download/any-observable-0.3.0.tgz#af933475e5806a67d0d7df090dd5e8bef65d119b"
  integrity sha1-r5M0deWAamfQ198JDdXovvZdEZs=

apollo-link@^1.2.3:
  version "1.2.13"
  resolved "https://registry.npm.taobao.org/apollo-link/download/apollo-link-1.2.13.tgz#dff00fbf19dfcd90fddbc14b6a3f9a771acac6c4"
  integrity sha1-3/APvxnfzZD928FLaj+adxrKxsQ=
  dependencies:
    apollo-utilities "^1.3.0"
    ts-invariant "^0.4.0"
    tslib "^1.9.3"
    zen-observable-ts "^0.8.20"

apollo-utilities@^1.0.1, apollo-utilities@^1.3.0:
  version "1.3.3"
  resolved "https://registry.npm.taobao.org/apollo-utilities/download/apollo-utilities-1.3.3.tgz#f1854715a7be80cd810bc3ac95df085815c0787c"
  integrity sha1-8YVHFae+gM2BC8Osld8IWBXAeHw=
  dependencies:
    "@wry/equality" "^0.1.2"
    fast-json-stable-stringify "^2.0.0"
    ts-invariant "^0.4.0"
    tslib "^1.10.0"

arg@^4.1.0:
  version "4.1.3"
  resolved "https://registry.npm.taobao.org/arg/download/arg-4.1.3.tgz#269fc7ad5b8e42cb63c896d5666017261c144089"
  integrity sha1-Jp/HrVuOQstjyJbVZmAXJhwUQIk=

async-limiter@~1.0.0:
  version "1.0.1"
  resolved "https://registry.npm.taobao.org/async-limiter/download/async-limiter-1.0.1.tgz?cache=0&other_urls=https%3A%2F%2Fregistry.npm.taobao.org%2Fasync-limiter%2Fdownload%2Fasync-limiter-1.0.1.tgz#dd379e94f0db8310b08291f9d64c3209766617fd"
  integrity sha1-3TeelPDbgxCwgpH51kwyCXZmF/0=

asyncro@^3.0.0:
  version "3.0.0"
  resolved "https://registry.npm.taobao.org/asyncro/download/asyncro-3.0.0.tgz#3c7a732e263bc4a42499042f48d7d858e9c0134e"
  integrity sha1-PHpzLiY7xKQkmQQvSNfYWOnAE04=

axios@*, axios@^0.21.1:
  version "0.21.1"
  resolved "https://registry.yarnpkg.com/axios/-/axios-0.21.1.tgz#22563481962f4d6bde9a76d516ef0e5d3c09b2b8"
  integrity sha512-dKQiRHxGD9PPRIUNIWvZhPTPpl1rf/OxTYKsqKUDjBwYylTvV7SjSHJb9ratfyzM6wCdLCOYLzs73qpg5c4iGA==
  dependencies:
    follow-redirects "^1.10.0"

backo2@^1.0.2:
  version "1.0.2"
  resolved "https://registry.npm.taobao.org/backo2/download/backo2-1.0.2.tgz#31ab1ac8b129363463e35b3ebb69f4dfcfba7947"
  integrity sha1-MasayLEpNjRj41s+u2n038+6eUc=

balanced-match@^1.0.0:
  version "1.0.0"
  resolved "https://registry.npm.taobao.org/balanced-match/download/balanced-match-1.0.0.tgz#89b4d199ab2bee49de164ea02b89ce462d71b767"
  integrity sha1-ibTRmasr7kneFk6gK4nORi1xt2c=

brace-expansion@^1.1.7:
  version "1.1.11"
  resolved "https://registry.npm.taobao.org/brace-expansion/download/brace-expansion-1.1.11.tgz#3c7fcbf529d87226f3d2f52b966ff5271eb441dd"
  integrity sha1-PH/L9SnYcibz0vUrlm/1Jx60Qd0=
  dependencies:
    balanced-match "^1.0.0"
    concat-map "0.0.1"

buffer-from@^1.0.0:
  version "1.1.1"
  resolved "https://registry.npm.taobao.org/buffer-from/download/buffer-from-1.1.1.tgz#32713bc028f75c02fdb710d7c7bcec1f2c6070ef"
  integrity sha1-MnE7wCj3XAL9txDXx7zsHyxgcO8=

chalk@^1.0.0, chalk@^1.1.3:
  version "1.1.3"
  resolved "https://registry.npm.taobao.org/chalk/download/chalk-1.1.3.tgz?cache=0&sync_timestamp=1573282918610&other_urls=https%3A%2F%2Fregistry.npm.taobao.org%2Fchalk%2Fdownload%2Fchalk-1.1.3.tgz#a8115c55e4a702fe4d150abd3872822a7e09fc98"
  integrity sha1-qBFcVeSnAv5NFQq9OHKCKn4J/Jg=
  dependencies:
    ansi-styles "^2.2.1"
    escape-string-regexp "^1.0.2"
    has-ansi "^2.0.0"
    strip-ansi "^3.0.0"
    supports-color "^2.0.0"

chalk@^2.4.1, chalk@^2.4.2:
  version "2.4.2"
  resolved "https://registry.npm.taobao.org/chalk/download/chalk-2.4.2.tgz?cache=0&sync_timestamp=1573282918610&other_urls=https%3A%2F%2Fregistry.npm.taobao.org%2Fchalk%2Fdownload%2Fchalk-2.4.2.tgz#cd42541677a54333cf541a49108c1432b44c9424"
  integrity sha1-zUJUFnelQzPPVBpJEIwUMrRMlCQ=
  dependencies:
    ansi-styles "^3.2.1"
    escape-string-regexp "^1.0.5"
    supports-color "^5.3.0"

clean-stack@^2.0.0:
  version "2.2.0"
  resolved "https://registry.npm.taobao.org/clean-stack/download/clean-stack-2.2.0.tgz#ee8472dbb129e727b31e8a10a427dee9dfe4008b"
  integrity sha1-7oRy27Ep5yezHooQpCfe6d/kAIs=

cli-cursor@^2.0.0, cli-cursor@^2.1.0:
  version "2.1.0"
  resolved "https://registry.npm.taobao.org/cli-cursor/download/cli-cursor-2.1.0.tgz#b35dac376479facc3e94747d41d0d0f5238ffcb5"
  integrity sha1-s12sN2R5+sw+lHR9QdDQ9SOP/LU=
  dependencies:
    restore-cursor "^2.0.0"

cli-truncate@^0.2.1:
  version "0.2.1"
  resolved "https://registry.npm.taobao.org/cli-truncate/download/cli-truncate-0.2.1.tgz?cache=0&other_urls=https%3A%2F%2Fregistry.npm.taobao.org%2Fcli-truncate%2Fdownload%2Fcli-truncate-0.2.1.tgz#9f15cfbb0705005369216c626ac7d05ab90dd574"
  integrity sha1-nxXPuwcFAFNpIWxiasfQWrkN1XQ=
  dependencies:
    slice-ansi "0.0.4"
    string-width "^1.0.1"

code-point-at@^1.0.0:
  version "1.1.0"
  resolved "https://registry.npm.taobao.org/code-point-at/download/code-point-at-1.1.0.tgz#0d070b4d043a5bea33a2f1a40e2edb3d9a4ccf77"
  integrity sha1-DQcLTQQ6W+ozovGkDi7bPZpMz3c=

color-convert@^1.9.0:
  version "1.9.3"
  resolved "https://registry.npm.taobao.org/color-convert/download/color-convert-1.9.3.tgz#bb71850690e1f136567de629d2d5471deda4c1e8"
  integrity sha1-u3GFBpDh8TZWfeYp0tVHHe2kweg=
  dependencies:
    color-name "1.1.3"

color-name@1.1.3:
  version "1.1.3"
  resolved "https://registry.npm.taobao.org/color-name/download/color-name-1.1.3.tgz#a7d0558bd89c42f795dd42328f740831ca53bc25"
  integrity sha1-p9BVi9icQveV3UIyj3QIMcpTvCU=

commander@^2.19.0:
  version "2.20.3"
  resolved "https://registry.npm.taobao.org/commander/download/commander-2.20.3.tgz?cache=0&sync_timestamp=1584148318639&other_urls=https%3A%2F%2Fregistry.npm.taobao.org%2Fcommander%2Fdownload%2Fcommander-2.20.3.tgz#fd485e84c03eb4881c20722ba48035e8531aeb33"
  integrity sha1-/UhehMA+tIgcIHIrpIA16FMa6zM=

concat-map@0.0.1:
  version "0.0.1"
  resolved "https://registry.npm.taobao.org/concat-map/download/concat-map-0.0.1.tgz#d8a96bd77fd68df7793a73036a3ba0d5405d477b"
  integrity sha1-2Klr13/Wjfd5OnMDajug1UBdR3s=

cross-fetch@2.2.2:
  version "2.2.2"
  resolved "https://registry.npm.taobao.org/cross-fetch/download/cross-fetch-2.2.2.tgz#a47ff4f7fc712daba8f6a695a11c948440d45723"
  integrity sha1-pH/09/xxLauo9qaVoRyUhEDUVyM=
  dependencies:
    node-fetch "2.1.2"
    whatwg-fetch "2.0.4"

cross-fetch@^3.0.4:
  version "3.0.4"
  resolved "https://registry.npm.taobao.org/cross-fetch/download/cross-fetch-3.0.4.tgz#7bef7020207e684a7638ef5f2f698e24d9eb283c"
  integrity sha1-e+9wICB+aEp2OO9fL2mOJNnrKDw=
  dependencies:
    node-fetch "2.6.0"
    whatwg-fetch "3.0.0"

date-fns@^1.27.2:
  version "1.30.1"
  resolved "https://registry.npm.taobao.org/date-fns/download/date-fns-1.30.1.tgz?cache=0&sync_timestamp=1584132572779&other_urls=https%3A%2F%2Fregistry.npm.taobao.org%2Fdate-fns%2Fdownload%2Fdate-fns-1.30.1.tgz#2e71bf0b119153dbb4cc4e88d9ea5acfb50dc05c"
  integrity sha1-LnG/CxGRU9u0zE6I2epaz7UNwFw=

deepmerge@4.0.0:
  version "4.0.0"
  resolved "https://registry.npm.taobao.org/deepmerge/download/deepmerge-4.0.0.tgz#3e3110ca29205f120d7cb064960a39c3d2087c09"
  integrity sha1-PjEQyikgXxINfLBklgo5w9IIfAk=

deprecated-decorator@^0.1.6:
  version "0.1.6"
  resolved "https://registry.npm.taobao.org/deprecated-decorator/download/deprecated-decorator-0.1.6.tgz#00966317b7a12fe92f3cc831f7583af329b86c37"
  integrity sha1-AJZjF7ehL+kvPMgx91g68ym4bDc=

diff@^4.0.1:
  version "4.0.2"
  resolved "https://registry.npm.taobao.org/diff/download/diff-4.0.2.tgz?cache=0&sync_timestamp=1578918306878&other_urls=https%3A%2F%2Fregistry.npm.taobao.org%2Fdiff%2Fdownload%2Fdiff-4.0.2.tgz#60f3aecb89d5fae520c11aa19efc2bb982aade7d"
  integrity sha1-YPOuy4nV+uUgwRqhnvwruYKq3n0=

elegant-spinner@^1.0.1:
  version "1.0.1"
  resolved "https://registry.npm.taobao.org/elegant-spinner/download/elegant-spinner-1.0.1.tgz#db043521c95d7e303fd8f345bedc3349cfb0729e"
  integrity sha1-2wQ1IcldfjA/2PNFvtwzSc+wcp4=

encoding@^0.1.11:
  version "0.1.12"
  resolved "https://registry.npm.taobao.org/encoding/download/encoding-0.1.12.tgz#538b66f3ee62cd1ab51ec323829d1f9480c74beb"
  integrity sha1-U4tm8+5izRq1HsMjgp0flIDHS+s=
  dependencies:
    iconv-lite "~0.4.13"

escape-string-regexp@^1.0.2, escape-string-regexp@^1.0.5:
  version "1.0.5"
  resolved "https://registry.npm.taobao.org/escape-string-regexp/download/escape-string-regexp-1.0.5.tgz#1b61c0562190a8dff6ae3bb2cf0200ca130b86d4"
  integrity sha1-G2HAViGQqN/2rjuyzwIAyhMLhtQ=

eventemitter3@^3.1.0:
  version "3.1.2"
  resolved "https://registry.npm.taobao.org/eventemitter3/download/eventemitter3-3.1.2.tgz?cache=0&sync_timestamp=1560950873670&other_urls=https%3A%2F%2Fregistry.npm.taobao.org%2Feventemitter3%2Fdownload%2Feventemitter3-3.1.2.tgz#2d3d48f9c346698fce83a85d7d664e98535df6e7"
  integrity sha1-LT1I+cNGaY/Og6hdfWZOmFNd9uc=

fast-json-stable-stringify@^2.0.0:
  version "2.1.0"
  resolved "https://registry.npm.taobao.org/fast-json-stable-stringify/download/fast-json-stable-stringify-2.1.0.tgz?cache=0&sync_timestamp=1576367703577&other_urls=https%3A%2F%2Fregistry.npm.taobao.org%2Ffast-json-stable-stringify%2Fdownload%2Ffast-json-stable-stringify-2.1.0.tgz#874bf69c6f404c2b5d99c481341399fd55892633"
  integrity sha1-h0v2nG9ATCtdmcSBNBOZ/VWJJjM=

figures@^1.7.0:
  version "1.7.0"
  resolved "https://registry.npm.taobao.org/figures/download/figures-1.7.0.tgz#cbe1e3affcf1cd44b80cadfed28dc793a9701d2e"
  integrity sha1-y+Hjr/zxzUS4DK3+0o3Hk6lwHS4=
  dependencies:
    escape-string-regexp "^1.0.5"
    object-assign "^4.1.0"

figures@^2.0.0:
  version "2.0.0"
  resolved "https://registry.npm.taobao.org/figures/download/figures-2.0.0.tgz#3ab1a2d2a62c8bfb431a0c94cb797a2fce27c962"
  integrity sha1-OrGi0qYsi/tDGgyUy3l6L84nyWI=
  dependencies:
    escape-string-regexp "^1.0.5"

follow-redirects@^1.10.0:
  version "1.13.1"
  resolved "https://registry.yarnpkg.com/follow-redirects/-/follow-redirects-1.13.1.tgz#5f69b813376cee4fd0474a3aba835df04ab763b7"
  integrity sha512-SSG5xmZh1mkPGyKzjZP8zLjltIfpW32Y5QpdNJyjcfGxK3qo3NDDkZOZSFiGn1A6SclQxY9GzEwAHQ3dmYRWpg==

fs.realpath@^1.0.0:
  version "1.0.0"
  resolved "https://registry.npm.taobao.org/fs.realpath/download/fs.realpath-1.0.0.tgz#1504ad2523158caa40db4a2787cb01411994ea4f"
  integrity sha1-FQStJSMVjKpA20onh8sBQRmU6k8=

glob@7.1.4:
  version "7.1.4"
  resolved "https://registry.npm.taobao.org/glob/download/glob-7.1.4.tgz?cache=0&sync_timestamp=1573078079496&other_urls=https%3A%2F%2Fregistry.npm.taobao.org%2Fglob%2Fdownload%2Fglob-7.1.4.tgz#aa608a2f6c577ad357e1ae5a5c26d9a8d1969255"
  integrity sha1-qmCKL2xXetNX4a5aXCbZqNGWklU=
  dependencies:
    fs.realpath "^1.0.0"
    inflight "^1.0.4"
    inherits "2"
    minimatch "^3.0.4"
    once "^1.3.0"
    path-is-absolute "^1.0.0"

glob@^7.1.3:
  version "7.1.6"
  resolved "https://registry.npm.taobao.org/glob/download/glob-7.1.6.tgz?cache=0&sync_timestamp=1573078079496&other_urls=https%3A%2F%2Fregistry.npm.taobao.org%2Fglob%2Fdownload%2Fglob-7.1.6.tgz#141f33b81a7c2492e125594307480c46679278a6"
  integrity sha1-FB8zuBp8JJLhJVlDB0gMRmeSeKY=
  dependencies:
    fs.realpath "^1.0.0"
    inflight "^1.0.4"
    inherits "2"
    minimatch "^3.0.4"
    once "^1.3.0"
    path-is-absolute "^1.0.0"

graphql-import@0.7.1:
  version "0.7.1"
  resolved "https://registry.npm.taobao.org/graphql-import/download/graphql-import-0.7.1.tgz?cache=0&sync_timestamp=1584071321507&other_urls=https%3A%2F%2Fregistry.npm.taobao.org%2Fgraphql-import%2Fdownload%2Fgraphql-import-0.7.1.tgz#4add8d91a5f752d764b0a4a7a461fcd93136f223"
  integrity sha1-St2NkaX3UtdksKSnpGH82TE28iM=
  dependencies:
    lodash "^4.17.4"
    resolve-from "^4.0.0"

graphql-request@^1.8.2:
  version "1.8.2"
  resolved "https://registry.npm.taobao.org/graphql-request/download/graphql-request-1.8.2.tgz#398d10ae15c585676741bde3fc01d5ca948f8fbe"
  integrity sha1-OY0QrhXFhWdnQb3j/AHVypSPj74=
  dependencies:
    cross-fetch "2.2.2"

graphql-toolkit@^0.3.0:
  version "0.3.5"
  resolved "https://registry.npm.taobao.org/graphql-toolkit/download/graphql-toolkit-0.3.5.tgz#1f6df21e5e8dc764dc63d5931e9960adc1799d0c"
  integrity sha1-H23yHl6Nx2TcY9WTHplgrcF5nQw=
  dependencies:
    "@kamilkisiela/graphql-tools" "4.0.6"
    "@types/glob" "7.1.1"
    aggregate-error "3.0.0"
    asyncro "^3.0.0"
    cross-fetch "^3.0.4"
    deepmerge "4.0.0"
    glob "7.1.4"
    graphql-import "0.7.1"
    is-glob "4.0.1"
    is-valid-path "0.1.1"
    lodash "4.17.14"
    tslib "^1.9.3"
    valid-url "1.0.9"

graphql-tools@^4.0.4:
  version "4.0.7"
  resolved "https://registry.npm.taobao.org/graphql-tools/download/graphql-tools-4.0.7.tgz#743309b96cb657ff45b607ee0a07193cd987e43c"
  integrity sha1-dDMJuWy2V/9FtgfuCgcZPNmH5Dw=
  dependencies:
    apollo-link "^1.2.3"
    apollo-utilities "^1.0.1"
    deprecated-decorator "^0.1.6"
    iterall "^1.1.3"
    uuid "^3.1.0"

graphql-typed-client@^1.7.2:
  version "1.7.2"
  resolved "https://registry.npm.taobao.org/graphql-typed-client/download/graphql-typed-client-1.7.2.tgz#14dd978945b8387f2ee53d60ce8f60efd0f7f179"
  integrity sha1-FN2XiUW4OH8u5T1gzo9g79D38Xk=
  dependencies:
    "@types/graphql" "^14.0.7"
    "@types/isomorphic-fetch" "^0.0.35"
    "@types/lodash" "^4.14.122"
    "@types/node" "*"
    "@types/prettier" "^1.16.1"
    "@types/qs" "^6.5.1"
    "@types/ws" "^6.0.1"
    chalk "^2.4.2"
    commander "^2.19.0"
    graphql "^14.1.1"
    graphql-toolkit "^0.3.0"
    graphql-tools "^4.0.4"
    isomorphic-fetch "^2.2.1"
    listr "^0.14.3"
    lodash "^4.17.11"
    mkdirp "^0.5.1"
    prettier "^1.16.4"
    qs "^6.6.0"
    rimraf "^2.6.3"
    rxjs "^6.4.0"
    subscriptions-transport-ws "^0.9.15"
    ws "^6.1.4"

graphql@*, graphql@^14.1.1:
  version "14.6.0"
  resolved "https://registry.npm.taobao.org/graphql/download/graphql-14.6.0.tgz?cache=0&sync_timestamp=1581351346659&other_urls=https%3A%2F%2Fregistry.npm.taobao.org%2Fgraphql%2Fdownload%2Fgraphql-14.6.0.tgz#57822297111e874ea12f5cd4419616930cd83e49"
  integrity sha1-V4IilxEeh06hL1zUQZYWkwzYPkk=
  dependencies:
    iterall "^1.2.2"

has-ansi@^2.0.0:
  version "2.0.0"
  resolved "https://registry.npm.taobao.org/has-ansi/download/has-ansi-2.0.0.tgz#34f5049ce1ecdf2b0649af3ef24e45ed35416d91"
  integrity sha1-NPUEnOHs3ysGSa8+8k5F7TVBbZE=
  dependencies:
    ansi-regex "^2.0.0"

has-flag@^3.0.0:
  version "3.0.0"
  resolved "https://registry.npm.taobao.org/has-flag/download/has-flag-3.0.0.tgz#b5d454dc2199ae225699f3467e5a07f3b955bafd"
  integrity sha1-tdRU3CGZriJWmfNGfloH87lVuv0=

iconv-lite@~0.4.13:
  version "0.4.24"
  resolved "https://registry.npm.taobao.org/iconv-lite/download/iconv-lite-0.4.24.tgz?cache=0&sync_timestamp=1579333981154&other_urls=https%3A%2F%2Fregistry.npm.taobao.org%2Ficonv-lite%2Fdownload%2Ficonv-lite-0.4.24.tgz#2022b4b25fbddc21d2f524974a474aafe733908b"
  integrity sha1-ICK0sl+93CHS9SSXSkdKr+czkIs=
  dependencies:
    safer-buffer ">= 2.1.2 < 3"

indent-string@^3.0.0, indent-string@^3.2.0:
  version "3.2.0"
  resolved "https://registry.npm.taobao.org/indent-string/download/indent-string-3.2.0.tgz#4a5fd6d27cc332f37e5419a504dbb837105c9289"
  integrity sha1-Sl/W0nzDMvN+VBmlBNu4NxBckok=

inflight@^1.0.4:
  version "1.0.6"
  resolved "https://registry.npm.taobao.org/inflight/download/inflight-1.0.6.tgz#49bd6331d7d02d0c09bc910a1075ba8165b56df9"
  integrity sha1-Sb1jMdfQLQwJvJEKEHW6gWW1bfk=
  dependencies:
    once "^1.3.0"
    wrappy "1"

inherits@2:
  version "2.0.4"
  resolved "https://registry.npm.taobao.org/inherits/download/inherits-2.0.4.tgz#0fa2c64f932917c3433a0ded55363aae37416b7c"
  integrity sha1-D6LGT5MpF8NDOg3tVTY6rjdBa3w=

is-extglob@^1.0.0:
  version "1.0.0"
  resolved "https://registry.npm.taobao.org/is-extglob/download/is-extglob-1.0.0.tgz#ac468177c4943405a092fc8f29760c6ffc6206c0"
  integrity sha1-rEaBd8SUNAWgkvyPKXYMb/xiBsA=

is-extglob@^2.1.1:
  version "2.1.1"
  resolved "https://registry.npm.taobao.org/is-extglob/download/is-extglob-2.1.1.tgz#a88c02535791f02ed37c76a1b9ea9773c833f8c2"
  integrity sha1-qIwCU1eR8C7TfHahueqXc8gz+MI=

is-fullwidth-code-point@^1.0.0:
  version "1.0.0"
  resolved "https://registry.npm.taobao.org/is-fullwidth-code-point/download/is-fullwidth-code-point-1.0.0.tgz#ef9e31386f031a7f0d643af82fde50c457ef00cb"
  integrity sha1-754xOG8DGn8NZDr4L95QxFfvAMs=
  dependencies:
    number-is-nan "^1.0.0"

is-fullwidth-code-point@^2.0.0:
  version "2.0.0"
  resolved "https://registry.npm.taobao.org/is-fullwidth-code-point/download/is-fullwidth-code-point-2.0.0.tgz#a3b30a5c4f199183167aaab93beefae3ddfb654f"
  integrity sha1-o7MKXE8ZkYMWeqq5O+764937ZU8=

is-glob@4.0.1:
  version "4.0.1"
  resolved "https://registry.npm.taobao.org/is-glob/download/is-glob-4.0.1.tgz#7567dbe9f2f5e2467bc77ab83c4a29482407a5dc"
  integrity sha1-dWfb6fL14kZ7x3q4PEopSCQHpdw=
  dependencies:
    is-extglob "^2.1.1"

is-glob@^2.0.0:
  version "2.0.1"
  resolved "https://registry.npm.taobao.org/is-glob/download/is-glob-2.0.1.tgz#d096f926a3ded5600f3fdfd91198cb0888c2d863"
  integrity sha1-0Jb5JqPe1WAPP9/ZEZjLCIjC2GM=
  dependencies:
    is-extglob "^1.0.0"

is-invalid-path@^0.1.0:
  version "0.1.0"
  resolved "https://registry.npm.taobao.org/is-invalid-path/download/is-invalid-path-0.1.0.tgz#307a855b3cf1a938b44ea70d2c61106053714f34"
  integrity sha1-MHqFWzzxqTi0TqcNLGEQYFNxTzQ=
  dependencies:
    is-glob "^2.0.0"

is-observable@^1.1.0:
  version "1.1.0"
  resolved "https://registry.npm.taobao.org/is-observable/download/is-observable-1.1.0.tgz?cache=0&other_urls=https%3A%2F%2Fregistry.npm.taobao.org%2Fis-observable%2Fdownload%2Fis-observable-1.1.0.tgz#b3e986c8f44de950867cab5403f5a3465005975e"
  integrity sha1-s+mGyPRN6VCGfKtUA/WjRlAFl14=
  dependencies:
    symbol-observable "^1.1.0"

is-promise@^2.1.0:
  version "2.1.0"
  resolved "https://registry.npm.taobao.org/is-promise/download/is-promise-2.1.0.tgz?cache=0&other_urls=https%3A%2F%2Fregistry.npm.taobao.org%2Fis-promise%2Fdownload%2Fis-promise-2.1.0.tgz#79a2a9ece7f096e80f36d2b2f3bc16c1ff4bf3fa"
  integrity sha1-eaKp7OfwlugPNtKy87wWwf9L8/o=

is-stream@^1.0.1, is-stream@^1.1.0:
  version "1.1.0"
  resolved "https://registry.npm.taobao.org/is-stream/download/is-stream-1.1.0.tgz#12d4a3dd4e68e0b79ceb8dbc84173ae80d91ca44"
  integrity sha1-EtSj3U5o4Lec6428hBc66A2RykQ=

is-valid-path@0.1.1:
  version "0.1.1"
  resolved "https://registry.npm.taobao.org/is-valid-path/download/is-valid-path-0.1.1.tgz#110f9ff74c37f663e1ec7915eb451f2db93ac9df"
  integrity sha1-EQ+f90w39mPh7HkV60UfLbk6yd8=
  dependencies:
    is-invalid-path "^0.1.0"

isomorphic-fetch@^2.2.1:
  version "2.2.1"
  resolved "https://registry.npm.taobao.org/isomorphic-fetch/download/isomorphic-fetch-2.2.1.tgz?cache=0&other_urls=https%3A%2F%2Fregistry.npm.taobao.org%2Fisomorphic-fetch%2Fdownload%2Fisomorphic-fetch-2.2.1.tgz#611ae1acf14f5e81f729507472819fe9733558a9"
  integrity sha1-YRrhrPFPXoH3KVB0coGf6XM1WKk=
  dependencies:
    node-fetch "^1.0.1"
    whatwg-fetch ">=0.10.0"

iterall@^1.1.3, iterall@^1.2.1, iterall@^1.2.2:
  version "1.3.0"
  resolved "https://registry.npm.taobao.org/iterall/download/iterall-1.3.0.tgz?cache=0&sync_timestamp=1578018717555&other_urls=https%3A%2F%2Fregistry.npm.taobao.org%2Fiterall%2Fdownload%2Fiterall-1.3.0.tgz#afcb08492e2915cbd8a0884eb93a8c94d0d72fea"
  integrity sha1-r8sISS4pFcvYoIhOuTqMlNDXL+o=

listr-silent-renderer@^1.1.1:
  version "1.1.1"
  resolved "https://registry.npm.taobao.org/listr-silent-renderer/download/listr-silent-renderer-1.1.1.tgz#924b5a3757153770bf1a8e3fbf74b8bbf3f9242e"
  integrity sha1-kktaN1cVN3C/Go4/v3S4u/P5JC4=

listr-update-renderer@^0.5.0:
  version "0.5.0"
  resolved "https://registry.npm.taobao.org/listr-update-renderer/download/listr-update-renderer-0.5.0.tgz?cache=0&other_urls=https%3A%2F%2Fregistry.npm.taobao.org%2Flistr-update-renderer%2Fdownload%2Flistr-update-renderer-0.5.0.tgz#4ea8368548a7b8aecb7e06d8c95cb45ae2ede6a2"
  integrity sha1-Tqg2hUinuK7LfgbYyVy0WuLt5qI=
  dependencies:
    chalk "^1.1.3"
    cli-truncate "^0.2.1"
    elegant-spinner "^1.0.1"
    figures "^1.7.0"
    indent-string "^3.0.0"
    log-symbols "^1.0.2"
    log-update "^2.3.0"
    strip-ansi "^3.0.1"

listr-verbose-renderer@^0.5.0:
  version "0.5.0"
  resolved "https://registry.npm.taobao.org/listr-verbose-renderer/download/listr-verbose-renderer-0.5.0.tgz#f1132167535ea4c1261102b9f28dac7cba1e03db"
  integrity sha1-8RMhZ1NepMEmEQK58o2sfLoeA9s=
  dependencies:
    chalk "^2.4.1"
    cli-cursor "^2.1.0"
    date-fns "^1.27.2"
    figures "^2.0.0"

listr@^0.14.3:
  version "0.14.3"
  resolved "https://registry.npm.taobao.org/listr/download/listr-0.14.3.tgz#2fea909604e434be464c50bddba0d496928fa586"
  integrity sha1-L+qQlgTkNL5GTFC926DUlpKPpYY=
  dependencies:
    "@samverschueren/stream-to-observable" "^0.3.0"
    is-observable "^1.1.0"
    is-promise "^2.1.0"
    is-stream "^1.1.0"
    listr-silent-renderer "^1.1.1"
    listr-update-renderer "^0.5.0"
    listr-verbose-renderer "^0.5.0"
    p-map "^2.0.0"
    rxjs "^6.3.3"

lodash@4.17.14:
  version "4.17.14"
  resolved "https://registry.npm.taobao.org/lodash/download/lodash-4.17.14.tgz#9ce487ae66c96254fe20b599f21b6816028078ba"
  integrity sha1-nOSHrmbJYlT+ILWZ8htoFgKAeLo=

lodash@^4.17.11, lodash@^4.17.4:
  version "4.17.15"
  resolved "https://registry.npm.taobao.org/lodash/download/lodash-4.17.15.tgz#b447f6670a0455bbfeedd11392eff330ea097548"
  integrity sha1-tEf2ZwoEVbv+7dETku/zMOoJdUg=

log-symbols@^1.0.2:
  version "1.0.2"
  resolved "https://registry.npm.taobao.org/log-symbols/download/log-symbols-1.0.2.tgz#376ff7b58ea3086a0f09facc74617eca501e1a18"
  integrity sha1-N2/3tY6jCGoPCfrMdGF+ylAeGhg=
  dependencies:
    chalk "^1.0.0"

log-update@^2.3.0:
  version "2.3.0"
  resolved "https://registry.npm.taobao.org/log-update/download/log-update-2.3.0.tgz?cache=0&sync_timestamp=1582186637481&other_urls=https%3A%2F%2Fregistry.npm.taobao.org%2Flog-update%2Fdownload%2Flog-update-2.3.0.tgz#88328fd7d1ce7938b29283746f0b1bc126b24708"
  integrity sha1-iDKP19HOeTiykoN0bwsbwSayRwg=
  dependencies:
    ansi-escapes "^3.0.0"
    cli-cursor "^2.0.0"
    wrap-ansi "^3.0.1"

make-error@^1.1.1:
  version "1.3.6"
  resolved "https://registry.npm.taobao.org/make-error/download/make-error-1.3.6.tgz?cache=0&sync_timestamp=1582105487630&other_urls=https%3A%2F%2Fregistry.npm.taobao.org%2Fmake-error%2Fdownload%2Fmake-error-1.3.6.tgz#2eb2e37ea9b67c4891f684a1394799af484cf7a2"
  integrity sha1-LrLjfqm2fEiR9oShOUeZr0hM96I=

mimic-fn@^1.0.0:
  version "1.2.0"
  resolved "https://registry.npm.taobao.org/mimic-fn/download/mimic-fn-1.2.0.tgz#820c86a39334640e99516928bd03fca88057d022"
  integrity sha1-ggyGo5M0ZA6ZUWkovQP8qIBX0CI=

minimatch@^3.0.4:
  version "3.0.4"
  resolved "https://registry.npm.taobao.org/minimatch/download/minimatch-3.0.4.tgz#5166e286457f03306064be5497e8dbb0c3d32083"
  integrity sha1-UWbihkV/AzBgZL5Ul+jbsMPTIIM=
  dependencies:
    brace-expansion "^1.1.7"

minimist@0.0.8:
  version "0.0.8"
  resolved "https://registry.npm.taobao.org/minimist/download/minimist-0.0.8.tgz#857fcabfc3397d2625b8228262e86aa7a011b05d"
  integrity sha1-hX/Kv8M5fSYluCKCYuhqp6ARsF0=

mkdirp@^0.5.1:
  version "0.5.1"
  resolved "https://registry.npm.taobao.org/mkdirp/download/mkdirp-0.5.1.tgz#30057438eac6cf7f8c4767f38648d6697d75c903"
  integrity sha1-MAV0OOrGz3+MR2fzhkjWaX11yQM=
  dependencies:
    minimist "0.0.8"

node-fetch@2.1.2:
  version "2.1.2"
  resolved "https://registry.npm.taobao.org/node-fetch/download/node-fetch-2.1.2.tgz#ab884e8e7e57e38a944753cec706f788d1768bb5"
  integrity sha1-q4hOjn5X44qUR1POxwb3iNF2i7U=

node-fetch@2.6.0:
  version "2.6.0"
  resolved "https://registry.npm.taobao.org/node-fetch/download/node-fetch-2.6.0.tgz#e633456386d4aa55863f676a7ab0daa8fdecb0fd"
  integrity sha1-5jNFY4bUqlWGP2dqerDaqP3ssP0=

node-fetch@^1.0.1:
  version "1.7.3"
  resolved "https://registry.npm.taobao.org/node-fetch/download/node-fetch-1.7.3.tgz#980f6f72d85211a5347c6b2bc18c5b84c3eb47ef"
  integrity sha1-mA9vcthSEaU0fGsrwYxbhMPrR+8=
  dependencies:
    encoding "^0.1.11"
    is-stream "^1.0.1"

number-is-nan@^1.0.0:
  version "1.0.1"
  resolved "https://registry.npm.taobao.org/number-is-nan/download/number-is-nan-1.0.1.tgz?cache=0&sync_timestamp=1581061562193&other_urls=https%3A%2F%2Fregistry.npm.taobao.org%2Fnumber-is-nan%2Fdownload%2Fnumber-is-nan-1.0.1.tgz#097b602b53422a522c1afb8790318336941a011d"
  integrity sha1-CXtgK1NCKlIsGvuHkDGDNpQaAR0=

object-assign@^4.1.0:
  version "4.1.1"
  resolved "https://registry.npm.taobao.org/object-assign/download/object-assign-4.1.1.tgz?cache=0&other_urls=https%3A%2F%2Fregistry.npm.taobao.org%2Fobject-assign%2Fdownload%2Fobject-assign-4.1.1.tgz#2109adc7965887cfc05cbbd442cac8bfbb360863"
  integrity sha1-IQmtx5ZYh8/AXLvUQsrIv7s2CGM=

once@^1.3.0:
  version "1.4.0"
  resolved "https://registry.npm.taobao.org/once/download/once-1.4.0.tgz#583b1aa775961d4b113ac17d9c50baef9dd76bd1"
  integrity sha1-WDsap3WWHUsROsF9nFC6753Xa9E=
  dependencies:
    wrappy "1"

onetime@^2.0.0:
  version "2.0.1"
  resolved "https://registry.npm.taobao.org/onetime/download/onetime-2.0.1.tgz#067428230fd67443b2794b22bba528b6867962d4"
  integrity sha1-BnQoIw/WdEOyeUsiu6UotoZ5YtQ=
  dependencies:
    mimic-fn "^1.0.0"

p-map@^2.0.0:
  version "2.1.0"
  resolved "https://registry.npm.taobao.org/p-map/download/p-map-2.1.0.tgz#310928feef9c9ecc65b68b17693018a665cea175"
  integrity sha1-MQko/u+cnsxltosXaTAYpmXOoXU=

path-is-absolute@^1.0.0:
  version "1.0.1"
  resolved "https://registry.npm.taobao.org/path-is-absolute/download/path-is-absolute-1.0.1.tgz#174b9268735534ffbc7ace6bf53a5a9e1b5c5f5f"
  integrity sha1-F0uSaHNVNP+8es5r9TpanhtcX18=

prettier@^1.16.4:
  version "1.19.1"
  resolved "https://registry.npm.taobao.org/prettier/download/prettier-1.19.1.tgz?cache=0&sync_timestamp=1573302169507&other_urls=https%3A%2F%2Fregistry.npm.taobao.org%2Fprettier%2Fdownload%2Fprettier-1.19.1.tgz#f7d7f5ff8a9cd872a7be4ca142095956a60797cb"
  integrity sha1-99f1/4qc2HKnvkyhQglZVqYHl8s=

qs@^6.6.0:
  version "6.9.1"
  resolved "https://registry.npm.taobao.org/qs/download/qs-6.9.1.tgz#20082c65cb78223635ab1a9eaca8875a29bf8ec9"
  integrity sha1-IAgsZct4IjY1qxqerKiHWim/jsk=

resolve-from@^4.0.0:
  version "4.0.0"
  resolved "https://registry.npm.taobao.org/resolve-from/download/resolve-from-4.0.0.tgz#4abcd852ad32dd7baabfe9b40e00a36db5f392e6"
  integrity sha1-SrzYUq0y3Xuqv+m0DgCjbbXzkuY=

restore-cursor@^2.0.0:
  version "2.0.0"
  resolved "https://registry.npm.taobao.org/restore-cursor/download/restore-cursor-2.0.0.tgz#9f7ee287f82fd326d4fd162923d62129eee0dfaf"
  integrity sha1-n37ih/gv0ybU/RYpI9YhKe7g368=
  dependencies:
    onetime "^2.0.0"
    signal-exit "^3.0.2"

rimraf@^2.6.3:
  version "2.7.1"
  resolved "https://registry.npm.taobao.org/rimraf/download/rimraf-2.7.1.tgz?cache=0&sync_timestamp=1581229865753&other_urls=https%3A%2F%2Fregistry.npm.taobao.org%2Frimraf%2Fdownload%2Frimraf-2.7.1.tgz#35797f13a7fdadc566142c29d4f07ccad483e3ec"
  integrity sha1-NXl/E6f9rcVmFCwp1PB8ytSD4+w=
  dependencies:
    glob "^7.1.3"

rxjs@^6.3.3, rxjs@^6.4.0:
  version "6.5.4"
  resolved "https://registry.npm.taobao.org/rxjs/download/rxjs-6.5.4.tgz?cache=0&other_urls=https%3A%2F%2Fregistry.npm.taobao.org%2Frxjs%2Fdownload%2Frxjs-6.5.4.tgz#e0777fe0d184cec7872df147f303572d414e211c"
  integrity sha1-4Hd/4NGEzseHLfFH8wNXLUFOIRw=
  dependencies:
    tslib "^1.9.0"

"safer-buffer@>= 2.1.2 < 3":
  version "2.1.2"
  resolved "https://registry.npm.taobao.org/safer-buffer/download/safer-buffer-2.1.2.tgz?cache=0&other_urls=https%3A%2F%2Fregistry.npm.taobao.org%2Fsafer-buffer%2Fdownload%2Fsafer-buffer-2.1.2.tgz#44fa161b0187b9549dd84bb91802f9bd8385cd6a"
  integrity sha1-RPoWGwGHuVSd2Eu5GAL5vYOFzWo=

signal-exit@^3.0.2:
  version "3.0.2"
  resolved "https://registry.npm.taobao.org/signal-exit/download/signal-exit-3.0.2.tgz#b5fdc08f1287ea1178628e415e25132b73646c6d"
  integrity sha1-tf3AjxKH6hF4Yo5BXiUTK3NkbG0=

slice-ansi@0.0.4:
  version "0.0.4"
  resolved "https://registry.npm.taobao.org/slice-ansi/download/slice-ansi-0.0.4.tgz#edbf8903f66f7ce2f8eafd6ceed65e264c831b35"
  integrity sha1-7b+JA/ZvfOL46v1s7tZeJkyDGzU=

source-map-support@^0.5.6:
  version "0.5.16"
  resolved "https://registry.npm.taobao.org/source-map-support/download/source-map-support-0.5.16.tgz#0ae069e7fe3ba7538c64c98515e35339eac5a042"
  integrity sha1-CuBp5/47p1OMZMmFFeNTOerFoEI=
  dependencies:
    buffer-from "^1.0.0"
    source-map "^0.6.0"

source-map@^0.6.0:
  version "0.6.1"
  resolved "https://registry.npm.taobao.org/source-map/download/source-map-0.6.1.tgz#74722af32e9614e9c287a8d0bbde48b5e2f1a263"
  integrity sha1-dHIq8y6WFOnCh6jQu95IteLxomM=

string-width@^1.0.1:
  version "1.0.2"
  resolved "https://registry.npm.taobao.org/string-width/download/string-width-1.0.2.tgz?cache=0&sync_timestamp=1573488535785&other_urls=https%3A%2F%2Fregistry.npm.taobao.org%2Fstring-width%2Fdownload%2Fstring-width-1.0.2.tgz#118bdf5b8cdc51a2a7e70d211e07e2b0b9b107d3"
  integrity sha1-EYvfW4zcUaKn5w0hHgfisLmxB9M=
  dependencies:
    code-point-at "^1.0.0"
    is-fullwidth-code-point "^1.0.0"
    strip-ansi "^3.0.0"

string-width@^2.1.1:
  version "2.1.1"
  resolved "https://registry.npm.taobao.org/string-width/download/string-width-2.1.1.tgz?cache=0&sync_timestamp=1573488535785&other_urls=https%3A%2F%2Fregistry.npm.taobao.org%2Fstring-width%2Fdownload%2Fstring-width-2.1.1.tgz#ab93f27a8dc13d28cac815c462143a6d9012ae9e"
  integrity sha1-q5Pyeo3BPSjKyBXEYhQ6bZASrp4=
  dependencies:
    is-fullwidth-code-point "^2.0.0"
    strip-ansi "^4.0.0"

strip-ansi@^3.0.0, strip-ansi@^3.0.1:
  version "3.0.1"
  resolved "https://registry.npm.taobao.org/strip-ansi/download/strip-ansi-3.0.1.tgz#6a385fb8853d952d5ff05d0e8aaf94278dc63dcf"
  integrity sha1-ajhfuIU9lS1f8F0Oiq+UJ43GPc8=
  dependencies:
    ansi-regex "^2.0.0"

strip-ansi@^4.0.0:
  version "4.0.0"
  resolved "https://registry.npm.taobao.org/strip-ansi/download/strip-ansi-4.0.0.tgz#a8479022eb1ac368a871389b635262c505ee368f"
  integrity sha1-qEeQIusaw2iocTibY1JixQXuNo8=
  dependencies:
    ansi-regex "^3.0.0"

subscriptions-transport-ws@^0.9.15:
  version "0.9.16"
  resolved "https://registry.npm.taobao.org/subscriptions-transport-ws/download/subscriptions-transport-ws-0.9.16.tgz#90a422f0771d9c32069294c08608af2d47f596ec"
  integrity sha1-kKQi8HcdnDIGkpTAhgivLUf1luw=
  dependencies:
    backo2 "^1.0.2"
    eventemitter3 "^3.1.0"
    iterall "^1.2.1"
    symbol-observable "^1.0.4"
    ws "^5.2.0"

supports-color@^2.0.0:
  version "2.0.0"
  resolved "https://registry.npm.taobao.org/supports-color/download/supports-color-2.0.0.tgz?cache=0&other_urls=https%3A%2F%2Fregistry.npm.taobao.org%2Fsupports-color%2Fdownload%2Fsupports-color-2.0.0.tgz#535d045ce6b6363fa40117084629995e9df324c7"
  integrity sha1-U10EXOa2Nj+kARcIRimZXp3zJMc=

supports-color@^5.3.0:
  version "5.5.0"
  resolved "https://registry.npm.taobao.org/supports-color/download/supports-color-5.5.0.tgz?cache=0&other_urls=https%3A%2F%2Fregistry.npm.taobao.org%2Fsupports-color%2Fdownload%2Fsupports-color-5.5.0.tgz#e2e69a44ac8772f78a1ec0b35b689df6530efc8f"
  integrity sha1-4uaaRKyHcveKHsCzW2id9lMO/I8=
  dependencies:
    has-flag "^3.0.0"

symbol-observable@^1.0.4, symbol-observable@^1.1.0:
  version "1.2.0"
  resolved "https://registry.npm.taobao.org/symbol-observable/download/symbol-observable-1.2.0.tgz#c22688aed4eab3cdc2dfeacbb561660560a00804"
  integrity sha1-wiaIrtTqs83C3+rLtWFmBWCgCAQ=

ts-invariant@^0.4.0:
  version "0.4.4"
  resolved "https://registry.npm.taobao.org/ts-invariant/download/ts-invariant-0.4.4.tgz?cache=0&sync_timestamp=1559923535520&other_urls=https%3A%2F%2Fregistry.npm.taobao.org%2Fts-invariant%2Fdownload%2Fts-invariant-0.4.4.tgz#97a523518688f93aafad01b0e80eb803eb2abd86"
  integrity sha1-l6UjUYaI+TqvrQGw6A64A+sqvYY=
  dependencies:
    tslib "^1.9.3"

ts-node@^8.6.2:
  version "8.6.2"
  resolved "https://registry.npm.taobao.org/ts-node/download/ts-node-8.6.2.tgz?cache=0&other_urls=https%3A%2F%2Fregistry.npm.taobao.org%2Fts-node%2Fdownload%2Fts-node-8.6.2.tgz#7419a01391a818fbafa6f826a33c1a13e9464e35"
  integrity sha1-dBmgE5GoGPuvpvgmozwaE+lGTjU=
  dependencies:
    arg "^4.1.0"
    diff "^4.0.1"
    make-error "^1.1.1"
    source-map-support "^0.5.6"
    yn "3.1.1"

tslib@^1.10.0, tslib@^1.9.0, tslib@^1.9.3:
  version "1.11.1"
  resolved "https://registry.npm.taobao.org/tslib/download/tslib-1.11.1.tgz#eb15d128827fbee2841549e171f45ed338ac7e35"
  integrity sha1-6xXRKIJ/vuKEFUnhcfRe0zisfjU=

typescript@*, typescript@^3.8.3:
  version "3.8.3"
  resolved "https://registry.npm.taobao.org/typescript/download/typescript-3.8.3.tgz#409eb8544ea0335711205869ec458ab109ee1061"
  integrity sha1-QJ64VE6gM1cRIFhp7EWKsQnuEGE=

uuid@^3.1.0:
  version "3.4.0"
  resolved "https://registry.npm.taobao.org/uuid/download/uuid-3.4.0.tgz?cache=0&sync_timestamp=1583326207173&other_urls=https%3A%2F%2Fregistry.npm.taobao.org%2Fuuid%2Fdownload%2Fuuid-3.4.0.tgz#b23e4358afa8a202fe7a100af1f5f883f02007ee"
  integrity sha1-sj5DWK+oogL+ehAK8fX4g/AgB+4=

valid-url@1.0.9:
  version "1.0.9"
  resolved "https://registry.npm.taobao.org/valid-url/download/valid-url-1.0.9.tgz#1c14479b40f1397a75782f115e4086447433a200"
  integrity sha1-HBRHm0DxOXp1eC8RXkCGRHQzogA=

whatwg-fetch@2.0.4:
  version "2.0.4"
  resolved "https://registry.npm.taobao.org/whatwg-fetch/download/whatwg-fetch-2.0.4.tgz#dde6a5df315f9d39991aa17621853d720b85566f"
  integrity sha1-3eal3zFfnTmZGqF2IYU9cguFVm8=

whatwg-fetch@3.0.0, whatwg-fetch@>=0.10.0:
  version "3.0.0"
  resolved "https://registry.npm.taobao.org/whatwg-fetch/download/whatwg-fetch-3.0.0.tgz?cache=0&other_urls=https%3A%2F%2Fregistry.npm.taobao.org%2Fwhatwg-fetch%2Fdownload%2Fwhatwg-fetch-3.0.0.tgz#fc804e458cc460009b1a2b966bc8817d2578aefb"
  integrity sha1-/IBORYzEYACbGiuWa8iBfSV4rvs=

wrap-ansi@^3.0.1:
  version "3.0.1"
  resolved "https://registry.npm.taobao.org/wrap-ansi/download/wrap-ansi-3.0.1.tgz#288a04d87eda5c286e060dfe8f135ce8d007f8ba"
  integrity sha1-KIoE2H7aXChuBg3+jxNc6NAH+Lo=
  dependencies:
    string-width "^2.1.1"
    strip-ansi "^4.0.0"

wrappy@1:
  version "1.0.2"
  resolved "https://registry.npm.taobao.org/wrappy/download/wrappy-1.0.2.tgz#b5243d8f3ec1aa35f1364605bc0d1036e30ab69f"
  integrity sha1-tSQ9jz7BqjXxNkYFvA0QNuMKtp8=

ws@^5.2.0:
  version "5.2.2"
  resolved "https://registry.npm.taobao.org/ws/download/ws-5.2.2.tgz?cache=0&sync_timestamp=1583774972911&other_urls=https%3A%2F%2Fregistry.npm.taobao.org%2Fws%2Fdownload%2Fws-5.2.2.tgz#dffef14866b8e8dc9133582514d1befaf96e980f"
  integrity sha1-3/7xSGa46NyRM1glFNG++vlumA8=
  dependencies:
    async-limiter "~1.0.0"

ws@^6.1.4:
  version "6.2.1"
  resolved "https://registry.npm.taobao.org/ws/download/ws-6.2.1.tgz?cache=0&sync_timestamp=1583774972911&other_urls=https%3A%2F%2Fregistry.npm.taobao.org%2Fws%2Fdownload%2Fws-6.2.1.tgz#442fdf0a47ed64f59b6a5d8ff130f4748ed524fb"
  integrity sha1-RC/fCkftZPWbal2P8TD0dI7VJPs=
  dependencies:
    async-limiter "~1.0.0"

yn@3.1.1:
  version "3.1.1"
  resolved "https://registry.npm.taobao.org/yn/download/yn-3.1.1.tgz?cache=0&other_urls=https%3A%2F%2Fregistry.npm.taobao.org%2Fyn%2Fdownload%2Fyn-3.1.1.tgz#1e87401a09d767c1d5eab26a6e4c185182d2eb50"
  integrity sha1-HodAGgnXZ8HV6rJqbkwYUYLS61A=

zen-observable-ts@^0.8.20:
  version "0.8.20"
  resolved "https://registry.npm.taobao.org/zen-observable-ts/download/zen-observable-ts-0.8.20.tgz#44091e335d3fcbc97f6497e63e7f57d5b516b163"
  integrity sha1-RAkeM10/y8l/ZJfmPn9X1bUWsWM=
  dependencies:
    tslib "^1.9.3"
    zen-observable "^0.8.0"

zen-observable@^0.8.0:
  version "0.8.15"
  resolved "https://registry.npm.taobao.org/zen-observable/download/zen-observable-0.8.15.tgz#96415c512d8e3ffd920afd3889604e30b9eaac15"
  integrity sha1-lkFcUS2OP/2SCv04iWBOMLnqrBU=
